
Microsoft Visual Studio Solution File, Format Version 12.00
# Visual Studio Version 16
VisualStudioVersion = 16.0.31005.135
MinimumVisualStudioVersion = 10.0.40219.1
Project("{FAE04EC0-301F-11D3-BF4B-00C04F79EFBC}") = "Lexicon_C", "Lexicon_C\Lexicon_C.csproj", "{69609CF1-D441-4C80-A8A4-613BBC622E05}"
EndProject
Global
	GlobalSection(SolutionConfigurationPlatforms) = preSolution
		Debug|Any CPU = Debug|Any CPU
		Release|Any CPU = Release|Any CPU
	EndGlobalSection
	GlobalSection(ProjectConfigurationPlatforms) = postSolution
		{69609CF1-D441-4C80-A8A4-613BBC622E05}.Debug|Any CPU.ActiveCfg = Debug|Any CPU
		{69609CF1-D441-4C80-A8A4-613BBC622E05}.Debug|Any CPU.Build.0 = Debug|Any CPU
		{69609CF1-D441-4C80-A8A4-613BBC622E05}.Release|Any CPU.ActiveCfg = Release|Any CPU
		{69609CF1-D441-4C80-A8A4-613BBC622E05}.Release|Any CPU.Build.0 = Release|Any CPU
	EndGlobalSection
	GlobalSection(SolutionProperties) = preSolution
		HideSolutionNode = FALSE
	EndGlobalSection
	GlobalSection(ExtensibilityGlobals) = postSolution
		SolutionGuid = {C6467B4C-94B5-4475-AAB8-3A187DFC3BFB}
	EndGlobalSection
EndGlobal
